# THIS IS AN AUTOGENERATED FILE. DO NOT EDIT THIS FILE DIRECTLY.
# yarn lockfile v1


"@types/events@^3.0.0":
  version "3.0.0"
  resolved "https://registry.yarnpkg.com/@types/events/-/events-3.0.0.tgz#2862f3f58a9a7f7c3e78d79f130dd4d71c25c2a7"
  integrity sha512-EaObqwIvayI5a8dCzhFrjKzVwKLxjoG9T6Ppd5CEo07LRKfQ8Yokw54r5+Wq7FaBQ+yXRvQAYPrHwya1/UFt9g==

"@types/node@^15.12.5":
  version "15.12.5"
  resolved "https://registry.yarnpkg.com/@types/node/-/node-15.12.5.tgz#9a78318a45d75c9523d2396131bd3cca54b2d185"
  integrity sha512-se3yX7UHv5Bscf8f1ERKvQOD6sTyycH3hdaoozvaLxgUiY5lIGEeH37AD0G0Qi9kPqihPn0HOfd2yaIEN9VwEg==

"@types/pify@5.0.0":
  version "5.0.0"
  resolved "https://registry.yarnpkg.com/@types/pify/-/pify-5.0.0.tgz#50eac92722df9ae02caa9f514609cb8d18f9acd7"
  integrity sha512-Y7rZv5LH4WqWXiCBDp+OqMG43XekhABHsUoWnfWcpy2TE4YxekicDMxt95aQsRgGYWAZ21ab7IxOQj0pHhVKsQ==

aggregate-error@^3.0.0:
  version "3.1.0"
  resolved "https://registry.yarnpkg.com/aggregate-error/-/aggregate-error-3.1.0.tgz#92670ff50f5359bdb7a3e0d40d0ec30c5737687a"
  integrity sha512-4I7Td01quW/RpocfNayFdFVk1qSuoh0E7JrbRJ16nH01HhKFQ88INq9Sd+nd72zqRySlr9BmDA8xlEJ6vJMrYA==
  dependencies:
    clean-stack "^2.0.0"
    indent-string "^4.0.0"

clean-stack@^2.0.0:
  version "2.2.0"
  resolved "https://registry.yarnpkg.com/clean-stack/-/clean-stack-2.2.0.tgz#ee8472dbb129e727b31e8a10a427dee9dfe4008b"
  integrity sha512-4diC9HaTE+KRAMWhDhrGOECgWZxoevMc5TlkObMqNSsVU62PYzXZ/SMTjzyGAFF1YusgxGcSWTEXBhp0CPwQ1A==

events@^3.3.0:
  version "3.3.0"
  resolved "https://registry.yarnpkg.com/events/-/events-3.3.0.tgz#31a95ad0a924e2d2c419a813aeb2c4e878ea7400"
  integrity sha512-mQw+2fkQbALzQ7V0MY0IqdnXNOeTtP4r0lN9z7AAawCXgqea7bDii20AYrIBrFd/Hx0M2Ocz6S111CaFkUcb0Q==

indent-string@^4.0.0:
  version "4.0.0"
  resolved "https://registry.yarnpkg.com/indent-string/-/indent-string-4.0.0.tgz#624f8f4497d619b2d9768531d58f4122854d7251"
  integrity sha512-EdDDZu4A2OyIK7Lr/2zG+w5jmbuk1DVBnEwREQvBzspBJkCEbRa8GxU1lghYcaGJCnRWibjDXlq779X1/y5xwg==

p-limit@^2.2.2:
  version "2.3.0"
  resolved "https://registry.yarnpkg.com/p-limit/-/p-limit-2.3.0.tgz#3dd33c647a214fdfffd835933eb086da0dc21db1"
  integrity sha512-//88mFWSJx8lxCzwdAABTJL2MyWB12+eIY7MDL2SqLmAkeKU9qxRvWuSyTjm3FUmpBEMuFfckAIqEaVGUDxb6w==
  dependencies:
    p-try "^2.0.0"

p-map@4.0.0:
  version "4.0.0"
  resolved "https://registry.yarnpkg.com/p-map/-/p-map-4.0.0.tgz#bb2f95a5eda2ec168ec9274e06a747c3e2904d2b"
  integrity sha512-/bjOqmgETBYB5BoEeGVea8dmvHb2m9GLy1E9W43yeyfP6QQCZGFNa+XRceJEuDB6zqr+gKpIAmlLebMpykw/MQ==
  dependencies:
    aggregate-error "^3.0.0"

p-reduce@2.1.0:
  version "2.1.0"
  resolved "https://registry.yarnpkg.com/p-reduce/-/p-reduce-2.1.0.tgz#09408da49507c6c274faa31f28df334bc712b64a"
  integrity sha512-2USApvnsutq8uoxZBGbbWM0JIYLiEMJ9RlaN7fAzVNb9OZN0SHjjTTfIcb667XynS5Y1VhwDJVDa72TnPzAYWw==

p-reflect@^2.1.0:
  version "2.1.0"
  resolved "https://registry.yarnpkg.com/p-reflect/-/p-reflect-2.1.0.tgz#5d67c7b3c577c4e780b9451fc9129675bd99fe67"
  integrity sha512-paHV8NUz8zDHu5lhr/ngGWQiW067DK/+IbJ+RfZ4k+s8y4EKyYCz8pGYWjxCg35eHztpJAt+NUgvN4L+GCbPlg==

p-settle@4.1.1:
  version "4.1.1"
  resolved "https://registry.yarnpkg.com/p-settle/-/p-settle-4.1.1.tgz#37fbceb2b02c9efc28658fc8d36949922266035f"
  integrity sha512-6THGh13mt3gypcNMm0ADqVNCcYa3BK6DWsuJWFCuEKP1rpY+OKGp7gaZwVmLspmic01+fsg/fN57MfvDzZ/PuQ==
  dependencies:
    p-limit "^2.2.2"
    p-reflect "^2.1.0"

p-try@^2.0.0:
  version "2.2.0"
  resolved "https://registry.yarnpkg.com/p-try/-/p-try-2.2.0.tgz#cb2868540e313d61de58fafbe35ce9004d5540e6"
  integrity sha512-R4nPAVTAU0B9D35/Gk3uJf/7XYbQcyohSKdvAxIRSNghFl4e71hVoGnBNQz9cWaXxO2I10KTC+3jMdvvoKw6dQ==

pify@5.0.0:
  version "5.0.0"
  resolved "https://registry.yarnpkg.com/pify/-/pify-5.0.0.tgz#1f5eca3f5e87ebec28cc6d54a0e4aaf00acc127f"
  integrity sha512-eW/gHNMlxdSP6dmG6uJip6FXN0EQBwm2clYYd8Wul42Cwu/DK8HEftzsapcNdYe2MfLiIwZqsDk2RDEsTE79hA==
